// !$*UTF8*$!
{
	archiveVersion = 1;
	classes = {
	};
	objectVersion = 50;
	objects = {

/* Begin PBXBuildFile section */
		1D3E4A1622BB30D9005738DB /* AppDelegate.swift in Sources */ = {isa = PBXBuildFile; fileRef = 1D3E4A1522BB30D9005738DB /* AppDelegate.swift */; };
		1D3E4A1822BB30D9005738DB /* SceneDelegate.swift in Sources */ = {isa = PBXBuildFile; fileRef = 1D3E4A1722BB30D9005738DB /* SceneDelegate.swift */; };
		1D3E4A1A22BB30D9005738DB /* MainView.swift in Sources */ = {isa = PBXBuildFile; fileRef = 1D3E4A1922BB30D9005738DB /* MainView.swift */; };
		1D3E4A1C22BB30DB005738DB /* Assets.xcassets in Resources */ = {isa = PBXBuildFile; fileRef = 1D3E4A1B22BB30DB005738DB /* Assets.xcassets */; };
		1D3E4A1F22BB30DB005738DB /* Preview Assets.xcassets in Resources */ = {isa = PBXBuildFile; fileRef = 1D3E4A1E22BB30DB005738DB /* Preview Assets.xcassets */; };
		1D3E4A2222BB30DB005738DB /* LaunchScreen.storyboard in Resources */ = {isa = PBXBuildFile; fileRef = 1D3E4A2022BB30DB005738DB /* LaunchScreen.storyboard */; };
		1D3E4A2E22BB332F005738DB /* ScrollableWeekView.swift in Sources */ = {isa = PBXBuildFile; fileRef = 1D3E4A2D22BB332F005738DB /* ScrollableWeekView.swift */; };
		1D3E4A3022BB339A005738DB /* WeekDateModel.swift in Sources */ = {isa = PBXBuildFile; fileRef = 1D3E4A2F22BB339A005738DB /* WeekDateModel.swift */; };
		1D3E4A3222BB33DD005738DB /* WeekStore.swift in Sources */ = {isa = PBXBuildFile; fileRef = 1D3E4A3122BB33DD005738DB /* WeekStore.swift */; };
/* End PBXBuildFile section */

/* Begin PBXFileReference section */
		1D3E4A1222BB30D9005738DB /* NetScout.app */ = {isa = PBXFileReference; explicitFileType = wrapper.application; includeInIndex = 0; path = NetScout.app; sourceTree = BUILT_PRODUCTS_DIR; };
		1D3E4A1522BB30D9005738DB /* AppDelegate.swift */ = {isa = PBXFileReference; lastKnownFileType = sourcecode.swift; path = AppDelegate.swift; sourceTree = "<group>"; };
		1D3E4A1722BB30D9005738DB /* SceneDelegate.swift */ = {isa = PBXFileReference; lastKnownFileType = sourcecode.swift; path = SceneDelegate.swift; sourceTree = "<group>"; };
		1D3E4A1922BB30D9005738DB /* MainView.swift */ = {isa = PBXFileReference; lastKnownFileType = sourcecode.swift; path = MainView.swift; sourceTree = "<group>"; };
		1D3E4A1B22BB30DB005738DB /* Assets.xcassets */ = {isa = PBXFileReference; lastKnownFileType = folder.assetcatalog; path = Assets.xcassets; sourceTree = "<group>"; };
		1D3E4A1E22BB30DB005738DB /* Preview Assets.xcassets */ = {isa = PBXFileReference; lastKnownFileType = folder.assetcatalog; path = "Preview Assets.xcassets"; sourceTree = "<group>"; };
		1D3E4A2122BB30DB005738DB /* Base */ = {isa = PBXFileReference; lastKnownFileType = file.storyboard; name = Base; path = Base.lproj/LaunchScreen.storyboard; sourceTree = "<group>"; };
		1D3E4A2322BB30DB005738DB /* Info.plist */ = {isa = PBXFileReference; lastKnownFileType = text.plist.xml; path = Info.plist; sourceTree = "<group>"; };
		1D3E4A2D22BB332F005738DB /* ScrollableWeekView.swift */ = {isa = PBXFileReference; lastKnownFileType = sourcecode.swift; path = ScrollableWeekView.swift; sourceTree = "<group>"; };
		1D3E4A2F22BB339A005738DB /* WeekDateModel.swift */ = {isa = PBXFileReference; lastKnownFileType = sourcecode.swift; path = WeekDateModel.swift; sourceTree = "<group>"; };
		1D3E4A3122BB33DD005738DB /* WeekStore.swift */ = {isa = PBXFileReference; lastKnownFileType = sourcecode.swift; path = WeekStore.swift; sourceTree = "<group>"; };
/* End PBXFileReference section */

/* Begin PBXFrameworksBuildPhase section */
		1D3E4A0F22BB30D9005738DB /* Frameworks */ = {
			isa = PBXFrameworksBuildPhase;
			buildActionMask = 2147483647;
			files = (
			);
			runOnlyForDeploymentPostprocessing = 0;
		};
/* End PBXFrameworksBuildPhase section */

/* Begin PBXGroup section */
		1D3E4A0922BB30D9005738DB = {
			isa = PBXGroup;
			children = (
				1D3E4A1422BB30D9005738DB /* NetScout */,
				1D3E4A1322BB30D9005738DB /* Products */,
			);
			sourceTree = "<group>";
		};
		1D3E4A1322BB30D9005738DB /* Products */ = {
			isa = PBXGroup;
			children = (
				1D3E4A1222BB30D9005738DB /* NetScout.app */,
			);
			name = Products;
			sourceTree = "<group>";
		};
		1D3E4A1422BB30D9005738DB /* NetScout */ = {
			isa = PBXGroup;
			children = (
				1D3E4A2B22BB3185005738DB /* Store */,
				1D3E4A2A22BB3167005738DB /* Model */,
				1D3E4A2922BB3113005738DB /* View */,
				1D3E4A1522BB30D9005738DB /* AppDelegate.swift */,
				1D3E4A1722BB30D9005738DB /* SceneDelegate.swift */,
				1D3E4A1B22BB30DB005738DB /* Assets.xcassets */,
				1D3E4A2022BB30DB005738DB /* LaunchScreen.storyboard */,
				1D3E4A2322BB30DB005738DB /* Info.plist */,
				1D3E4A1D22BB30DB005738DB /* Preview Content */,
			);
			path = NetScout;
			sourceTree = "<group>";
		};
		1D3E4A1D22BB30DB005738DB /* Preview Content */ = {
			isa = PBXGroup;
			children = (
				1D3E4A1E22BB30DB005738DB /* Preview Assets.xcassets */,
			);
			path = "Preview Content";
			sourceTree = "<group>";
		};
		1D3E4A2922BB3113005738DB /* View */ = {
			isa = PBXGroup;
			children = (
				1D3E4A2C22BB32D8005738DB /* MainView */,
			);
			path = View;
			sourceTree = "<group>";
		};
		1D3E4A2A22BB3167005738DB /* Model */ = {
			isa = PBXGroup;
			children = (
				1D3E4A2F22BB339A005738DB /* WeekDateModel.swift */,
			);
			path = Model;
			sourceTree = "<group>";
		};
		1D3E4A2B22BB3185005738DB /* Store */ = {
			isa = PBXGroup;
			children = (
				1D3E4A3122BB33DD005738DB /* WeekStore.swift */,
			);
			path = Store;
			sourceTree = "<group>";
		};
		1D3E4A2C22BB32D8005738DB /* MainView */ = {
			isa = PBXGroup;
			children = (
				1D3E4A1922BB30D9005738DB /* MainView.swift */,
				1D3E4A2D22BB332F005738DB /* ScrollableWeekView.swift */,
			);
			path = MainView;
			sourceTree = "<group>";
		};
/* End PBXGroup section */

/* Begin PBXNativeTarget section */
		1D3E4A1122BB30D9005738DB /* NetScout */ = {
			isa = PBXNativeTarget;
			buildConfigurationList = 1D3E4A2622BB30DB005738DB /* Build configuration list for PBXNativeTarget "NetScout" */;
			buildPhases = (
				1D3E4A0E22BB30D9005738DB /* Sources */,
				1D3E4A0F22BB30D9005738DB /* Frameworks */,
				1D3E4A1022BB30D9005738DB /* Resources */,
			);
			buildRules = (
			);
			dependencies = (
			);
			name = NetScout;
			productName = NetScout;
			productReference = 1D3E4A1222BB30D9005738DB /* NetScout.app */;
			productType = "com.apple.product-type.application";
		};
/* End PBXNativeTarget section */

/* Begin PBXProject section */
		1D3E4A0A22BB30D9005738DB /* Project object */ = {
			isa = PBXProject;
			attributes = {
				LastSwiftUpdateCheck = 1100;
				LastUpgradeCheck = 1100;
				ORGANIZATIONNAME = NetScout;
				TargetAttributes = {
					1D3E4A1122BB30D9005738DB = {
						CreatedOnToolsVersion = 11.0;
					};
				};
			};
			buildConfigurationList = 1D3E4A0D22BB30D9005738DB /* Build configuration list for PBXProject "NetScout" */;
			compatibilityVersion = "Xcode 9.3";
			developmentRegion = en;
			hasScannedForEncodings = 0;
			knownRegions = (
				en,
				Base,
			);
			mainGroup = 1D3E4A0922BB30D9005738DB;
			productRefGroup = 1D3E4A1322BB30D9005738DB /* Products */;
			projectDirPath = "";
			projectRoot = "";
			targets = (
				1D3E4A1122BB30D9005738DB /* NetScout */,
			);
		};
/* End PBXProject section */

/* Begin PBXResourcesBuildPhase section */
		1D3E4A1022BB30D9005738DB /* Resources */ = {
			isa = PBXResourcesBuildPhase;
			buildActionMask = 2147483647;
			files = (
				1D3E4A2222BB30DB005738DB /* LaunchScreen.storyboard in Resources */,
				1D3E4A1F22BB30DB005738DB /* Preview Assets.xcassets in Resources */,
				1D3E4A1C22BB30DB005738DB /* Assets.xcassets in Resources */,
			);
			runOnlyForDeploymentPostprocessing = 0;
		};
/* End PBXResourcesBuildPhase section */

/* Begin PBXSourcesBuildPhase section */
		1D3E4A0E22BB30D9005738DB /* Sources */ = {
			isa = PBXSourcesBuildPhase;
			buildActionMask = 2147483647;
			files = (
				1D3E4A1622BB30D9005738DB /* AppDelegate.swift in Sources */,
				1D3E4A2E22BB332F005738DB /* ScrollableWeekView.swift in Sources */,
				1D3E4A1822BB30D9005738DB /* SceneDelegate.swift in Sources */,
				1D3E4A3222BB33DD005738DB /* WeekStore.swift in Sources */,
				1D3E4A1A22BB30D9005738DB /* MainView.swift in Sources */,
				1D3E4A3022BB339A005738DB /* WeekDateModel.swift in Sources */,
			);
			runOnlyForDeploymentPostprocessing = 0;
		};
/* End PBXSourcesBuildPhase section */

/* Begin PBXVariantGroup section */
		1D3E4A2022BB30DB005738DB /* LaunchScreen.storyboard */ = {
			isa = PBXVariantGroup;
			children = (
				1D3E4A2122BB30DB005738DB /* Base */,
			);
			name = LaunchScreen.storyboard;
			sourceTree = "<group>";
		};
/* End PBXVariantGroup section */

/* Begin XCBuildConfiguration section */
		1D3E4A2422BB30DB005738DB /* Debug */ = {
			isa = XCBuildConfiguration;
			buildSettings = {
				ALWAYS_SEARCH_USER_PATHS = NO;
				CLANG_ANALYZER_NONNULL = YES;
				CLANG_ANALYZER_NUMBER_OBJECT_CONVERSION = YES_AGGRESSIVE;
				CLANG_CXX_LANGUAGE_STANDARD = "gnu++14";
				CLANG_CXX_LIBRARY = "libc++";
				CLANG_ENABLE_MODULES = YES;
				CLANG_ENABLE_OBJC_ARC = YES;
				CLANG_ENABLE_OBJC_WEAK = YES;
				CLANG_WARN_BLOCK_CAPTURE_AUTORELEASING = YES;
				CLANG_WARN_BOOL_CONVERSION = YES;
				CLANG_WARN_COMMA = YES;
				CLANG_WARN_CONSTANT_CONVERSION = YES;
				CLANG_WARN_DEPRECATED_OBJC_IMPLEMENTATIONS = YES;
				CLANG_WARN_DIRECT_OBJC_ISA_USAGE = YES_ERROR;
				CLANG_WARN_DOCUMENTATION_COMMENTS = YES;
				CLANG_WARN_EMPTY_BODY = YES;
				CLANG_WARN_ENUM_CONVERSION = YES;
				CLANG_WARN_INFINITE_RECURSION = YES;
				CLANG_WARN_INT_CONVERSION = YES;
				CLANG_WARN_NON_LITERAL_NULL_CONVERSION = YES;
				CLANG_WARN_OBJC_IMPLICIT_RETAIN_SELF = YES;
				CLANG_WARN_OBJC_LITERAL_CONVERSION = YES;
				CLANG_WARN_OBJC_ROOT_CLASS = YES_ERROR;
				CLANG_WARN_RANGE_LOOP_ANALYSIS = YES;
				CLANG_WARN_STRICT_PROTOTYPES = YES;
				CLANG_WARN_SUSPICIOUS_MOVE = YES;
				CLANG_WARN_UNGUARDED_AVAILABILITY = YES_AGGRESSIVE;
				CLANG_WARN_UNREACHABLE_CODE = YES;
				CLANG_WARN__DUPLICATE_METHOD_MATCH = YES;
				COPY_PHASE_STRIP = NO;
				DEBUG_INFORMATION_FORMAT = dwarf;
				ENABLE_STRICT_OBJC_MSGSEND = YES;
				ENABLE_TESTABILITY = YES;
				GCC_C_LANGUAGE_STANDARD = gnu11;
				GCC_DYNAMIC_NO_PIC = NO;
				GCC_NO_COMMON_BLOCKS = YES;
				GCC_OPTIMIZATION_LEVEL = 0;
				GCC_PREPROCESSOR_DEFINITIONS = (
					"DEBUG=1",
					"$(inherited)",
				);
				GCC_WARN_64_TO_32_BIT_CONVERSION = YES;
				GCC_WARN_ABOUT_RETURN_TYPE = YES_ERROR;
				GCC_WARN_UNDECLARED_SELECTOR = YES;
				GCC_WARN_UNINITIALIZED_AUTOS = YES_AGGRESSIVE;
				GCC_WARN_UNUSED_FUNCTION = YES;
				GCC_WARN_UNUSED_VARIABLE = YES;
				IPHONEOS_DEPLOYMENT_TARGET = 13.0;
				MTL_ENABLE_DEBUG_INFO = INCLUDE_SOURCE;
				MTL_FAST_MATH = YES;
				ONLY_ACTIVE_ARCH = YES;
				SDKROOT = iphoneos;
				SWIFT_ACTIVE_COMPILATION_CONDITIONS = DEBUG;
				SWIFT_OPTIMIZATION_LEVEL = "-Onone";
			};
			name = Debug;
		};
		1D3E4A2522BB30DB005738DB /* Release */ = {
			isa = XCBuildConfiguration;
			buildSettings = {
				ALWAYS_SEARCH_USER_PATHS = NO;
				CLANG_ANALYZER_NONNULL = YES;
				CLANG_ANALYZER_NUMBER_OBJECT_CONVERSION = YES_AGGRESSIVE;
				CLANG_CXX_LANGUAGE_STANDARD = "gnu++14";
				CLANG_CXX_LIBRARY = "libc++";
				CLANG_ENABLE_MODULES = YES;
				CLANG_ENABLE_OBJC_ARC = YES;
				CLANG_ENABLE_OBJC_WEAK = YES;
				CLANG_WARN_BLOCK_CAPTURE_AUTORELEASING = YES;
				CLANG_WARN_BOOL_CONVERSION = YES;
				CLANG_WARN_COMMA = YES;
				CLANG_WARN_CONSTANT_CONVERSION = YES;
				CLANG_WARN_DEPRECATED_OBJC_IMPLEMENTATIONS = YES;
				CLANG_WARN_DIRECT_OBJC_ISA_USAGE = YES_ERROR;
				CLANG_WARN_DOCUMENTATION_COMMENTS = YES;
				CLANG_WARN_EMPTY_BODY = YES;
				CLANG_WARN_ENUM_CONVERSION = YES;
				CLANG_WARN_INFINITE_RECURSION = YES;
				CLANG_WARN_INT_CONVERSION = YES;
				CLANG_WARN_NON_LITERAL_NULL_CONVERSION = YES;
				CLANG_WARN_OBJC_IMPLICIT_RETAIN_SELF = YES;
				CLANG_WARN_OBJC_LITERAL_CONVERSION = YES;
				CLANG_WARN_OBJC_ROOT_CLASS = YES_ERROR;
				CLANG_WARN_RANGE_LOOP_ANALYSIS = YES;
				CLANG_WARN_STRICT_PROTOTYPES = YES;
				CLANG_WARN_SUSPICIOUS_MOVE = YES;
				CLANG_WARN_UNGUARDED_AVAILABILITY = YES_AGGRESSIVE;
				CLANG_WARN_UNREACHABLE_CODE = YES;
				CLANG_WARN__DUPLICATE_METHOD_MATCH = YES;
				COPY_PHASE_STRIP = NO;
				DEBUG_INFORMATION_FORMAT = "dwarf-with-dsym";
				ENABLE_NS_ASSERTIONS = NO;
				ENABLE_STRICT_OBJC_MSGSEND = YES;
				GCC_C_LANGUAGE_STANDARD = gnu11;
				GCC_NO_COMMON_BLOCKS = YES;
				GCC_WARN_64_TO_32_BIT_CONVERSION = YES;
				GCC_WARN_ABOUT_RETURN_TYPE = YES_ERROR;
				GCC_WARN_UNDECLARED_SELECTOR = YES;
				GCC_WARN_UNINITIALIZED_AUTOS = YES_AGGRESSIVE;
				GCC_WARN_UNUSED_FUNCTION = YES;
				GCC_WARN_UNUSED_VARIABLE = YES;
				IPHONEOS_DEPLOYMENT_TARGET = 13.0;
				MTL_ENABLE_DEBUG_INFO = NO;
				MTL_FAST_MATH = YES;
				SDKROOT = iphoneos;
				SWIFT_COMPILATION_MODE = wholemodule;
				SWIFT_OPTIMIZATION_LEVEL = "-O";
				VALIDATE_PRODUCT = YES;
			};
			name = Release;
		};
		1D3E4A2722BB30DB005738DB /* Debug */ = {
			isa = XCBuildConfiguration;
			buildSettings = {
				ASSETCATALOG_COMPILER_APPICON_NAME = AppIcon;
				CODE_SIGN_STYLE = Automatic;
				DEVELOPMENT_ASSET_PATHS = "NetScout/Preview\\ Content";
				DEVELOPMENT_TEAM = 36HM9JX98Y;
				ENABLE_PREVIEWS = YES;
				INFOPLIST_FILE = NetScout/Info.plist;
				LD_RUNPATH_SEARCH_PATHS = (
					"$(inherited)",
					"@executable_path/Frameworks",
				);
				PRODUCT_BUNDLE_IDENTIFIER = com.netscout.NetScout;
				PRODUCT_NAME = "$(TARGET_NAME)";
				SWIFT_VERSION = 5.0;
				TARGETED_DEVICE_FAMILY = "1,2";
			};
			name = Debug;
		};
		1D3E4A2822BB30DB005738DB /* Release */ = {
			isa = XCBuildConfiguration;
			buildSettings = {
				ASSETCATALOG_COMPILER_APPICON_NAME = AppIcon;
				CODE_SIGN_STYLE = Automatic;
				DEVELOPMENT_ASSET_PATHS = "NetScout/Preview\\ Content";
				DEVELOPMENT_TEAM = 36HM9JX98Y;
				ENABLE_PREVIEWS = YES;
				INFOPLIST_FILE = NetScout/Info.plist;
				LD_RUNPATH_SEARCH_PATHS = (
					"$(inherited)",
					"@executable_path/Frameworks",
				);
				PRODUCT_BUNDLE_IDENTIFIER = com.netscout.NetScout;
				PRODUCT_NAME = "$(TARGET_NAME)";
				SWIFT_VERSION = 5.0;
				TARGETED_DEVICE_FAMILY = "1,2";
			};
			name = Release;
		};
/* End XCBuildConfiguration section */

/* Begin XCConfigurationList section */
		1D3E4A0D22BB30D9005738DB /* Build configuration list for PBXProject "NetScout" */ = {
			isa = XCConfigurationList;
			buildConfigurations = (
				1D3E4A2422BB30DB005738DB /* Debug */,
				1D3E4A2522BB30DB005738DB /* Release */,
			);
			defaultConfigurationIsVisible = 0;
			defaultConfigurationName = Release;
		};
		1D3E4A2622BB30DB005738DB /* Build configuration list for PBXNativeTarget "NetScout" */ = {
			isa = XCConfigurationList;
			buildConfigurations = (
				1D3E4A2722BB30DB005738DB /* Debug */,
				1D3E4A2822BB30DB005738DB /* Release */,
			);
			defaultConfigurationIsVisible = 0;
			defaultConfigurationName = Release;
		};
/* End XCConfigurationList section */
	};
	rootObject = 1D3E4A0A22BB30D9005738DB /* Project object */;
}
